
Microsoft Visual Studio Solution File, Format Version 12.00
# Visual Studio Version 16
VisualStudioVersion = 16.0.32510.428
MinimumVisualStudioVersion = 10.0.40219.1
Project("{FAE04EC0-301F-11D3-BF4B-00C04F79EFBC}") = "網路程式設計期末", "網路程式設計期末\網路程式設計期末.csproj", "{6D848545-3F19-4059-B3EF-B3E2053E28C2}"
EndProject
Global
	GlobalSection(SolutionConfigurationPlatforms) = preSolution
		Debug|Any CPU = Debug|Any CPU
		Release|Any CPU = Release|Any CPU
	EndGlobalSection
	GlobalSection(ProjectConfigurationPlatforms) = postSolution
		{6D848545-3F19-4059-B3EF-B3E2053E28C2}.Debug|Any CPU.ActiveCfg = Debug|Any CPU
		{6D848545-3F19-4059-B3EF-B3E2053E28C2}.Debug|Any CPU.Build.0 = Debug|Any CPU
		{6D848545-3F19-4059-B3EF-B3E2053E28C2}.Release|Any CPU.ActiveCfg = Release|Any CPU
		{6D848545-3F19-4059-B3EF-B3E2053E28C2}.Release|Any CPU.Build.0 = Release|Any CPU
	EndGlobalSection
	GlobalSection(SolutionProperties) = preSolution
		HideSolutionNode = FALSE
	EndGlobalSection
	GlobalSection(ExtensibilityGlobals) = postSolution
		SolutionGuid = {735B8DB4-E1CF-494E-A933-CA894916A57F}
	EndGlobalSection
EndGlobal
